
Microsoft Visual Studio Solution File, Format Version 10.00
# Visual Studio 2008
Project("{FAE04EC0-301F-11D3-BF4B-00C04F79EFBC}") = "HSBuildTasks", "HSBuildTasks.csproj", "{EE262E45-3228-4331-B330-C46CF3CCBE43}"
EndProject
Project("{FAE04EC0-301F-11D3-BF4B-00C04F79EFBC}") = "HSBuild.MSF", "HSBuild.MSF\HSBuild.MSF.csproj", "{A2589642-04D5-441B-9B6A-31625B5B2877}"
EndProject
Global
	GlobalSection(SolutionConfigurationPlatforms) = preSolution
		Debug|Any CPU = Debug|Any CPU
		Release|Any CPU = Release|Any CPU
	EndGlobalSection
	GlobalSection(ProjectConfigurationPlatforms) = postSolution
		{EE262E45-3228-4331-B330-C46CF3CCBE43}.Debug|Any CPU.ActiveCfg = Debug|Any CPU
		{EE262E45-3228-4331-B330-C46CF3CCBE43}.Debug|Any CPU.Build.0 = Debug|Any CPU
		{EE262E45-3228-4331-B330-C46CF3CCBE43}.Release|Any CPU.ActiveCfg = Release|Any CPU
		{EE262E45-3228-4331-B330-C46CF3CCBE43}.Release|Any CPU.Build.0 = Release|Any CPU
		{A2589642-04D5-441B-9B6A-31625B5B2877}.Debug|Any CPU.ActiveCfg = Debug|Any CPU
		{A2589642-04D5-441B-9B6A-31625B5B2877}.Debug|Any CPU.Build.0 = Debug|Any CPU
		{A2589642-04D5-441B-9B6A-31625B5B2877}.Release|Any CPU.ActiveCfg = Release|Any CPU
		{A2589642-04D5-441B-9B6A-31625B5B2877}.Release|Any CPU.Build.0 = Release|Any CPU
	EndGlobalSection
	GlobalSection(SolutionProperties) = preSolution
		HideSolutionNode = FALSE
	EndGlobalSection
EndGlobal
